// !$*UTF8*$!
{
	archiveVersion = 1;
	classes = {
	};
	objectVersion = 51;
	objects = {

/* Begin PBXBuildFile section */
		7D610B74B445901BB2DC1126 /* Pods_marvel_app.framework in Frameworks */ = {isa = PBXBuildFile; fileRef = C83C2CA63BBFEBBF79AB88A1 /* Pods_marvel_app.framework */; };
		DB13DD802679003D00B0C246 /* AppDelegate.swift in Sources */ = {isa = PBXBuildFile; fileRef = DB13DD7F2679003D00B0C246 /* AppDelegate.swift */; };
		DB13DD822679003D00B0C246 /* SceneDelegate.swift in Sources */ = {isa = PBXBuildFile; fileRef = DB13DD812679003D00B0C246 /* SceneDelegate.swift */; };
		DB13DD842679003D00B0C246 /* ViewController.swift in Sources */ = {isa = PBXBuildFile; fileRef = DB13DD832679003D00B0C246 /* ViewController.swift */; };
		DB13DD892679003F00B0C246 /* Assets.xcassets in Resources */ = {isa = PBXBuildFile; fileRef = DB13DD882679003F00B0C246 /* Assets.xcassets */; };
		DB13DD8C2679003F00B0C246 /* LaunchScreen.storyboard in Resources */ = {isa = PBXBuildFile; fileRef = DB13DD8A2679003F00B0C246 /* LaunchScreen.storyboard */; };
		DB13DD972679003F00B0C246 /* marvel_appTests.swift in Sources */ = {isa = PBXBuildFile; fileRef = DB13DD962679003F00B0C246 /* marvel_appTests.swift */; };
		DB13DDA22679003F00B0C246 /* marvel_appUITests.swift in Sources */ = {isa = PBXBuildFile; fileRef = DB13DDA12679003F00B0C246 /* marvel_appUITests.swift */; };
		DB13DDF92679093F00B0C246 /* Localizable.strings in Resources */ = {isa = PBXBuildFile; fileRef = DB13DDF42679093F00B0C246 /* Localizable.strings */; };
/* End PBXBuildFile section */

/* Begin PBXContainerItemProxy section */
		DB13DD932679003F00B0C246 /* PBXContainerItemProxy */ = {
			isa = PBXContainerItemProxy;
			containerPortal = DB13DD742679003D00B0C246 /* Project object */;
			proxyType = 1;
			remoteGlobalIDString = DB13DD7B2679003D00B0C246;
			remoteInfo = "marvel-app";
		};
		DB13DD9E2679003F00B0C246 /* PBXContainerItemProxy */ = {
			isa = PBXContainerItemProxy;
			containerPortal = DB13DD742679003D00B0C246 /* Project object */;
			proxyType = 1;
			remoteGlobalIDString = DB13DD7B2679003D00B0C246;
			remoteInfo = "marvel-app";
		};
/* End PBXContainerItemProxy section */

/* Begin PBXFileReference section */
		4BD675B470E0A2E47F79E15A /* Pods-marvel-app.release.xcconfig */ = {isa = PBXFileReference; includeInIndex = 1; lastKnownFileType = text.xcconfig; name = "Pods-marvel-app.release.xcconfig"; path = "Target Support Files/Pods-marvel-app/Pods-marvel-app.release.xcconfig"; sourceTree = "<group>"; };
		74264CA45222B7379B517FD8 /* Pods-marvel-app.debug.xcconfig */ = {isa = PBXFileReference; includeInIndex = 1; lastKnownFileType = text.xcconfig; name = "Pods-marvel-app.debug.xcconfig"; path = "Target Support Files/Pods-marvel-app/Pods-marvel-app.debug.xcconfig"; sourceTree = "<group>"; };
		C83C2CA63BBFEBBF79AB88A1 /* Pods_marvel_app.framework */ = {isa = PBXFileReference; explicitFileType = wrapper.framework; includeInIndex = 0; path = Pods_marvel_app.framework; sourceTree = BUILT_PRODUCTS_DIR; };
		DB13DD7C2679003D00B0C246 /* marvel-app.app */ = {isa = PBXFileReference; explicitFileType = wrapper.application; includeInIndex = 0; path = "marvel-app.app"; sourceTree = BUILT_PRODUCTS_DIR; };
		DB13DD7F2679003D00B0C246 /* AppDelegate.swift */ = {isa = PBXFileReference; lastKnownFileType = sourcecode.swift; path = AppDelegate.swift; sourceTree = "<group>"; };
		DB13DD812679003D00B0C246 /* SceneDelegate.swift */ = {isa = PBXFileReference; lastKnownFileType = sourcecode.swift; path = SceneDelegate.swift; sourceTree = "<group>"; };
		DB13DD832679003D00B0C246 /* ViewController.swift */ = {isa = PBXFileReference; lastKnownFileType = sourcecode.swift; path = ViewController.swift; sourceTree = "<group>"; };
		DB13DD882679003F00B0C246 /* Assets.xcassets */ = {isa = PBXFileReference; lastKnownFileType = folder.assetcatalog; path = Assets.xcassets; sourceTree = "<group>"; };
		DB13DD8B2679003F00B0C246 /* Base */ = {isa = PBXFileReference; lastKnownFileType = file.storyboard; name = Base; path = Base.lproj/LaunchScreen.storyboard; sourceTree = "<group>"; };
		DB13DD8D2679003F00B0C246 /* Info.plist */ = {isa = PBXFileReference; lastKnownFileType = text.plist.xml; path = Info.plist; sourceTree = "<group>"; };
		DB13DD922679003F00B0C246 /* marvel-appTests.xctest */ = {isa = PBXFileReference; explicitFileType = wrapper.cfbundle; includeInIndex = 0; path = "marvel-appTests.xctest"; sourceTree = BUILT_PRODUCTS_DIR; };
		DB13DD962679003F00B0C246 /* marvel_appTests.swift */ = {isa = PBXFileReference; lastKnownFileType = sourcecode.swift; path = marvel_appTests.swift; sourceTree = "<group>"; };
		DB13DD982679003F00B0C246 /* Info.plist */ = {isa = PBXFileReference; lastKnownFileType = text.plist.xml; path = Info.plist; sourceTree = "<group>"; };
		DB13DD9D2679003F00B0C246 /* marvel-appUITests.xctest */ = {isa = PBXFileReference; explicitFileType = wrapper.cfbundle; includeInIndex = 0; path = "marvel-appUITests.xctest"; sourceTree = BUILT_PRODUCTS_DIR; };
		DB13DDA12679003F00B0C246 /* marvel_appUITests.swift */ = {isa = PBXFileReference; lastKnownFileType = sourcecode.swift; path = marvel_appUITests.swift; sourceTree = "<group>"; };
		DB13DDA32679003F00B0C246 /* Info.plist */ = {isa = PBXFileReference; lastKnownFileType = text.plist.xml; path = Info.plist; sourceTree = "<group>"; };
		DB13DDF52679093F00B0C246 /* es */ = {isa = PBXFileReference; lastKnownFileType = text.plist.strings; name = es; path = es.lproj/Localizable.strings; sourceTree = "<group>"; };
		DB13DDF62679093F00B0C246 /* en */ = {isa = PBXFileReference; lastKnownFileType = text.plist.strings; name = en; path = en.lproj/Localizable.strings; sourceTree = "<group>"; };
		DB13DDF72679093F00B0C246 /* ca */ = {isa = PBXFileReference; lastKnownFileType = text.plist.strings; name = ca; path = ca.lproj/Localizable.strings; sourceTree = "<group>"; };
		DB13DDF82679093F00B0C246 /* fr */ = {isa = PBXFileReference; lastKnownFileType = text.plist.strings; name = fr; path = fr.lproj/Localizable.strings; sourceTree = "<group>"; };
/* End PBXFileReference section */

/* Begin PBXFrameworksBuildPhase section */
		DB13DD792679003D00B0C246 /* Frameworks */ = {
			isa = PBXFrameworksBuildPhase;
			buildActionMask = 2147483647;
			files = (
				7D610B74B445901BB2DC1126 /* Pods_marvel_app.framework in Frameworks */,
			);
			runOnlyForDeploymentPostprocessing = 0;
		};
		DB13DD8F2679003F00B0C246 /* Frameworks */ = {
			isa = PBXFrameworksBuildPhase;
			buildActionMask = 2147483647;
			files = (
			);
			runOnlyForDeploymentPostprocessing = 0;
		};
		DB13DD9A2679003F00B0C246 /* Frameworks */ = {
			isa = PBXFrameworksBuildPhase;
			buildActionMask = 2147483647;
			files = (
			);
			runOnlyForDeploymentPostprocessing = 0;
		};
/* End PBXFrameworksBuildPhase section */

/* Begin PBXGroup section */
		9000C9E9EA031EF84B9FE07C /* Frameworks */ = {
			isa = PBXGroup;
			children = (
				C83C2CA63BBFEBBF79AB88A1 /* Pods_marvel_app.framework */,
			);
			name = Frameworks;
			sourceTree = "<group>";
		};
		9DA207876799303A17373AAC /* Pods */ = {
			isa = PBXGroup;
			children = (
				74264CA45222B7379B517FD8 /* Pods-marvel-app.debug.xcconfig */,
				4BD675B470E0A2E47F79E15A /* Pods-marvel-app.release.xcconfig */,
			);
			path = Pods;
			sourceTree = "<group>";
		};
		DB13DD732679003D00B0C246 = {
			isa = PBXGroup;
			children = (
				DB13DD7E2679003D00B0C246 /* marvel-app */,
				DB13DD952679003F00B0C246 /* marvel-appTests */,
				DB13DDA02679003F00B0C246 /* marvel-appUITests */,
				DB13DD7D2679003D00B0C246 /* Products */,
				9DA207876799303A17373AAC /* Pods */,
				9000C9E9EA031EF84B9FE07C /* Frameworks */,
			);
			sourceTree = "<group>";
		};
		DB13DD7D2679003D00B0C246 /* Products */ = {
			isa = PBXGroup;
			children = (
				DB13DD7C2679003D00B0C246 /* marvel-app.app */,
				DB13DD922679003F00B0C246 /* marvel-appTests.xctest */,
				DB13DD9D2679003F00B0C246 /* marvel-appUITests.xctest */,
			);
			name = Products;
			sourceTree = "<group>";
		};
		DB13DD7E2679003D00B0C246 /* marvel-app */ = {
			isa = PBXGroup;
			children = (
				DB13DDC52679037E00B0C246 /* Resources */,
				DB13DDC42679037800B0C246 /* Config */,
				DB13DDC32679037300B0C246 /* Utils */,
				DB13DDC22679036800B0C246 /* Presentation */,
				DB13DDC12679035E00B0C246 /* Domain */,
				DB13DDC02679035500B0C246 /* Data */,
				DB13DD7F2679003D00B0C246 /* AppDelegate.swift */,
				DB13DD812679003D00B0C246 /* SceneDelegate.swift */,
			);
			path = "marvel-app";
			sourceTree = "<group>";
		};
		DB13DD952679003F00B0C246 /* marvel-appTests */ = {
			isa = PBXGroup;
			children = (
				DB13DD962679003F00B0C246 /* marvel_appTests.swift */,
				DB13DD982679003F00B0C246 /* Info.plist */,
			);
			path = "marvel-appTests";
			sourceTree = "<group>";
		};
		DB13DDA02679003F00B0C246 /* marvel-appUITests */ = {
			isa = PBXGroup;
			children = (
				DB13DDA12679003F00B0C246 /* marvel_appUITests.swift */,
				DB13DDA32679003F00B0C246 /* Info.plist */,
			);
			path = "marvel-appUITests";
			sourceTree = "<group>";
		};
		DB13DDC02679035500B0C246 /* Data */ = {
			isa = PBXGroup;
			children = (
				DB13DDC9267903C700B0C246 /* Network */,
				DB13DDC8267903C000B0C246 /* Repositories */,
				DB13DDC7267903B900B0C246 /* DataSources */,
				DB13DDC6267903A100B0C246 /* PersistentStorages */,
			);
			path = Data;
			sourceTree = "<group>";
		};
		DB13DDC12679035E00B0C246 /* Domain */ = {
			isa = PBXGroup;
			children = (
				DB13DDCF2679041000B0C246 /* UseCases */,
				DB13DDCE2679040B00B0C246 /* Entities */,
				DB13DDCD2679040500B0C246 /* Repositories */,
			);
			path = Domain;
			sourceTree = "<group>";
		};
		DB13DDC22679036800B0C246 /* Presentation */ = {
			isa = PBXGroup;
			children = (
				DB13DD832679003D00B0C246 /* ViewController.swift */,
				DB13DDD12679045700B0C246 /* MarvelDetail */,
				DB13DDD02679044A00B0C246 /* MarvelList */,
			);
			path = Presentation;
			sourceTree = "<group>";
		};
		DB13DDC32679037300B0C246 /* Utils */ = {
			isa = PBXGroup;
			children = (
				DB13DDD32679047D00B0C246 /* Views */,
				DB13DDD22679047100B0C246 /* Extensions */,
			);
			path = Utils;
			sourceTree = "<group>";
		};
		DB13DDC42679037800B0C246 /* Config */ = {
			isa = PBXGroup;
			children = (
				DB13DD8D2679003F00B0C246 /* Info.plist */,
			);
			path = Config;
			sourceTree = "<group>";
		};
		DB13DDC52679037E00B0C246 /* Resources */ = {
			isa = PBXGroup;
			children = (
				DB13DDF42679093F00B0C246 /* Localizable.strings */,
				DB13DD882679003F00B0C246 /* Assets.xcassets */,
				DB13DD8A2679003F00B0C246 /* LaunchScreen.storyboard */,
			);
			path = Resources;
			sourceTree = "<group>";
		};
		DB13DDC6267903A100B0C246 /* PersistentStorages */ = {
			isa = PBXGroup;
			children = (
			);
			path = PersistentStorages;
			sourceTree = "<group>";
		};
		DB13DDC7267903B900B0C246 /* DataSources */ = {
			isa = PBXGroup;
			children = (
			);
			path = DataSources;
			sourceTree = "<group>";
		};
		DB13DDC8267903C000B0C246 /* Repositories */ = {
			isa = PBXGroup;
			children = (
			);
			path = Repositories;
			sourceTree = "<group>";
		};
		DB13DDC9267903C700B0C246 /* Network */ = {
			isa = PBXGroup;
			children = (
				DB13DDCC267903F000B0C246 /* DTOs */,
				DB13DDCB267903E900B0C246 /* Routers */,
				DB13DDCA267903E100B0C246 /* DataSources */,
			);
			path = Network;
			sourceTree = "<group>";
		};
		DB13DDCA267903E100B0C246 /* DataSources */ = {
			isa = PBXGroup;
			children = (
			);
			path = DataSources;
			sourceTree = "<group>";
		};
		DB13DDCB267903E900B0C246 /* Routers */ = {
			isa = PBXGroup;
			children = (
			);
			path = Routers;
			sourceTree = "<group>";
		};
		DB13DDCC267903F000B0C246 /* DTOs */ = {
			isa = PBXGroup;
			children = (
			);
			path = DTOs;
			sourceTree = "<group>";
		};
		DB13DDCD2679040500B0C246 /* Repositories */ = {
			isa = PBXGroup;
			children = (
			);
			path = Repositories;
			sourceTree = "<group>";
		};
		DB13DDCE2679040B00B0C246 /* Entities */ = {
			isa = PBXGroup;
			children = (
			);
			path = Entities;
			sourceTree = "<group>";
		};
		DB13DDCF2679041000B0C246 /* UseCases */ = {
			isa = PBXGroup;
			children = (
			);
			path = UseCases;
			sourceTree = "<group>";
		};
		DB13DDD02679044A00B0C246 /* MarvelList */ = {
			isa = PBXGroup;
			children = (
			);
			path = MarvelList;
			sourceTree = "<group>";
		};
		DB13DDD12679045700B0C246 /* MarvelDetail */ = {
			isa = PBXGroup;
			children = (
			);
			path = MarvelDetail;
			sourceTree = "<group>";
		};
		DB13DDD22679047100B0C246 /* Extensions */ = {
			isa = PBXGroup;
			children = (
			);
			path = Extensions;
			sourceTree = "<group>";
		};
		DB13DDD32679047D00B0C246 /* Views */ = {
			isa = PBXGroup;
			children = (
			);
			path = Views;
			sourceTree = "<group>";
		};
/* End PBXGroup section */

/* Begin PBXNativeTarget section */
		DB13DD7B2679003D00B0C246 /* marvel-app */ = {
			isa = PBXNativeTarget;
			buildConfigurationList = DB13DDA62679003F00B0C246 /* Build configuration list for PBXNativeTarget "marvel-app" */;
			buildPhases = (
				0998757AE1460E515DC5BE3A /* [CP] Check Pods Manifest.lock */,
				DB13DD782679003D00B0C246 /* Sources */,
				DB13DD792679003D00B0C246 /* Frameworks */,
				DB13DD7A2679003D00B0C246 /* Resources */,
				472BA54D04DCDA0C72D55574 /* [CP] Embed Pods Frameworks */,
			);
			buildRules = (
			);
			dependencies = (
			);
			name = "marvel-app";
			productName = "marvel-app";
			productReference = DB13DD7C2679003D00B0C246 /* marvel-app.app */;
			productType = "com.apple.product-type.application";
		};
		DB13DD912679003F00B0C246 /* marvel-appTests */ = {
			isa = PBXNativeTarget;
			buildConfigurationList = DB13DDA92679003F00B0C246 /* Build configuration list for PBXNativeTarget "marvel-appTests" */;
			buildPhases = (
				DB13DD8E2679003F00B0C246 /* Sources */,
				DB13DD8F2679003F00B0C246 /* Frameworks */,
				DB13DD902679003F00B0C246 /* Resources */,
			);
			buildRules = (
			);
			dependencies = (
				DB13DD942679003F00B0C246 /* PBXTargetDependency */,
			);
			name = "marvel-appTests";
			productName = "marvel-appTests";
			productReference = DB13DD922679003F00B0C246 /* marvel-appTests.xctest */;
			productType = "com.apple.product-type.bundle.unit-test";
		};
		DB13DD9C2679003F00B0C246 /* marvel-appUITests */ = {
			isa = PBXNativeTarget;
			buildConfigurationList = DB13DDAC2679003F00B0C246 /* Build configuration list for PBXNativeTarget "marvel-appUITests" */;
			buildPhases = (
				DB13DD992679003F00B0C246 /* Sources */,
				DB13DD9A2679003F00B0C246 /* Frameworks */,
				DB13DD9B2679003F00B0C246 /* Resources */,
			);
			buildRules = (
			);
			dependencies = (
				DB13DD9F2679003F00B0C246 /* PBXTargetDependency */,
			);
			name = "marvel-appUITests";
			productName = "marvel-appUITests";
			productReference = DB13DD9D2679003F00B0C246 /* marvel-appUITests.xctest */;
			productType = "com.apple.product-type.bundle.ui-testing";
		};
/* End PBXNativeTarget section */

/* Begin PBXProject section */
		DB13DD742679003D00B0C246 /* Project object */ = {
			isa = PBXProject;
			attributes = {
				LastSwiftUpdateCheck = 1220;
				LastUpgradeCheck = 1220;
				TargetAttributes = {
					DB13DD7B2679003D00B0C246 = {
						CreatedOnToolsVersion = 12.2;
					};
					DB13DD912679003F00B0C246 = {
						CreatedOnToolsVersion = 12.2;
						TestTargetID = DB13DD7B2679003D00B0C246;
					};
					DB13DD9C2679003F00B0C246 = {
						CreatedOnToolsVersion = 12.2;
						TestTargetID = DB13DD7B2679003D00B0C246;
					};
				};
			};
			buildConfigurationList = DB13DD772679003D00B0C246 /* Build configuration list for PBXProject "marvel-app" */;
			compatibilityVersion = "Xcode 9.3";
			developmentRegion = en;
			hasScannedForEncodings = 0;
			knownRegions = (
				en,
				Base,
				es,
				ca,
				fr,
			);
			mainGroup = DB13DD732679003D00B0C246;
			productRefGroup = DB13DD7D2679003D00B0C246 /* Products */;
			projectDirPath = "";
			projectRoot = "";
			targets = (
				DB13DD7B2679003D00B0C246 /* marvel-app */,
				DB13DD912679003F00B0C246 /* marvel-appTests */,
				DB13DD9C2679003F00B0C246 /* marvel-appUITests */,
			);
		};
/* End PBXProject section */

/* Begin PBXResourcesBuildPhase section */
		DB13DD7A2679003D00B0C246 /* Resources */ = {
			isa = PBXResourcesBuildPhase;
			buildActionMask = 2147483647;
			files = (
				DB13DD8C2679003F00B0C246 /* LaunchScreen.storyboard in Resources */,
				DB13DDF92679093F00B0C246 /* Localizable.strings in Resources */,
				DB13DD892679003F00B0C246 /* Assets.xcassets in Resources */,
			);
			runOnlyForDeploymentPostprocessing = 0;
		};
		DB13DD902679003F00B0C246 /* Resources */ = {
			isa = PBXResourcesBuildPhase;
			buildActionMask = 2147483647;
			files = (
			);
			runOnlyForDeploymentPostprocessing = 0;
		};
		DB13DD9B2679003F00B0C246 /* Resources */ = {
			isa = PBXResourcesBuildPhase;
			buildActionMask = 2147483647;
			files = (
			);
			runOnlyForDeploymentPostprocessing = 0;
		};
/* End PBXResourcesBuildPhase section */

/* Begin PBXShellScriptBuildPhase section */
		0998757AE1460E515DC5BE3A /* [CP] Check Pods Manifest.lock */ = {
			isa = PBXShellScriptBuildPhase;
			buildActionMask = 2147483647;
			files = (
			);
			inputFileListPaths = (
			);
			inputPaths = (
				"${PODS_PODFILE_DIR_PATH}/Podfile.lock",
				"${PODS_ROOT}/Manifest.lock",
			);
			name = "[CP] Check Pods Manifest.lock";
			outputFileListPaths = (
			);
			outputPaths = (
				"$(DERIVED_FILE_DIR)/Pods-marvel-app-checkManifestLockResult.txt",
			);
			runOnlyForDeploymentPostprocessing = 0;
			shellPath = /bin/sh;
			shellScript = "diff \"${PODS_PODFILE_DIR_PATH}/Podfile.lock\" \"${PODS_ROOT}/Manifest.lock\" > /dev/null\nif [ $? != 0 ] ; then\n    # print error to STDERR\n    echo \"error: The sandbox is not in sync with the Podfile.lock. Run 'pod install' or update your CocoaPods installation.\" >&2\n    exit 1\nfi\n# This output is used by Xcode 'outputs' to avoid re-running this script phase.\necho \"SUCCESS\" > \"${SCRIPT_OUTPUT_FILE_0}\"\n";
			showEnvVarsInLog = 0;
		};
		472BA54D04DCDA0C72D55574 /* [CP] Embed Pods Frameworks */ = {
			isa = PBXShellScriptBuildPhase;
			buildActionMask = 2147483647;
			files = (
			);
			inputFileListPaths = (
				"${PODS_ROOT}/Target Support Files/Pods-marvel-app/Pods-marvel-app-frameworks-${CONFIGURATION}-input-files.xcfilelist",
			);
			name = "[CP] Embed Pods Frameworks";
			outputFileListPaths = (
				"${PODS_ROOT}/Target Support Files/Pods-marvel-app/Pods-marvel-app-frameworks-${CONFIGURATION}-output-files.xcfilelist",
			);
			runOnlyForDeploymentPostprocessing = 0;
			shellPath = /bin/sh;
			shellScript = "\"${PODS_ROOT}/Target Support Files/Pods-marvel-app/Pods-marvel-app-frameworks.sh\"\n";
			showEnvVarsInLog = 0;
		};
/* End PBXShellScriptBuildPhase section */

/* Begin PBXSourcesBuildPhase section */
		DB13DD782679003D00B0C246 /* Sources */ = {
			isa = PBXSourcesBuildPhase;
			buildActionMask = 2147483647;
			files = (
				DB13DD842679003D00B0C246 /* ViewController.swift in Sources */,
				DB13DD802679003D00B0C246 /* AppDelegate.swift in Sources */,
				DB13DD822679003D00B0C246 /* SceneDelegate.swift in Sources */,
			);
			runOnlyForDeploymentPostprocessing = 0;
		};
		DB13DD8E2679003F00B0C246 /* Sources */ = {
			isa = PBXSourcesBuildPhase;
			buildActionMask = 2147483647;
			files = (
				DB13DD972679003F00B0C246 /* marvel_appTests.swift in Sources */,
			);
			runOnlyForDeploymentPostprocessing = 0;
		};
		DB13DD992679003F00B0C246 /* Sources */ = {
			isa = PBXSourcesBuildPhase;
			buildActionMask = 2147483647;
			files = (
				DB13DDA22679003F00B0C246 /* marvel_appUITests.swift in Sources */,
			);
			runOnlyForDeploymentPostprocessing = 0;
		};
/* End PBXSourcesBuildPhase section */

/* Begin PBXTargetDependency section */
		DB13DD942679003F00B0C246 /* PBXTargetDependency */ = {
			isa = PBXTargetDependency;
			target = DB13DD7B2679003D00B0C246 /* marvel-app */;
			targetProxy = DB13DD932679003F00B0C246 /* PBXContainerItemProxy */;
		};
		DB13DD9F2679003F00B0C246 /* PBXTargetDependency */ = {
			isa = PBXTargetDependency;
			target = DB13DD7B2679003D00B0C246 /* marvel-app */;
			targetProxy = DB13DD9E2679003F00B0C246 /* PBXContainerItemProxy */;
		};
/* End PBXTargetDependency section */

/* Begin PBXVariantGroup section */
		DB13DD8A2679003F00B0C246 /* LaunchScreen.storyboard */ = {
			isa = PBXVariantGroup;
			children = (
				DB13DD8B2679003F00B0C246 /* Base */,
			);
			name = LaunchScreen.storyboard;
			sourceTree = "<group>";
		};
		DB13DDF42679093F00B0C246 /* Localizable.strings */ = {
			isa = PBXVariantGroup;
			children = (
				DB13DDF52679093F00B0C246 /* es */,
				DB13DDF62679093F00B0C246 /* en */,
				DB13DDF72679093F00B0C246 /* ca */,
				DB13DDF82679093F00B0C246 /* fr */,
			);
			name = Localizable.strings;
			sourceTree = "<group>";
		};
/* End PBXVariantGroup section */

/* Begin XCBuildConfiguration section */
		DB13DDA42679003F00B0C246 /* Debug */ = {
			isa = XCBuildConfiguration;
			buildSettings = {
				ALWAYS_SEARCH_USER_PATHS = NO;
				CLANG_ANALYZER_NONNULL = YES;
				CLANG_ANALYZER_NUMBER_OBJECT_CONVERSION = YES_AGGRESSIVE;
				CLANG_CXX_LANGUAGE_STANDARD = "gnu++14";
				CLANG_CXX_LIBRARY = "libc++";
				CLANG_ENABLE_MODULES = YES;
				CLANG_ENABLE_OBJC_ARC = YES;
				CLANG_ENABLE_OBJC_WEAK = YES;
				CLANG_WARN_BLOCK_CAPTURE_AUTORELEASING = YES;
				CLANG_WARN_BOOL_CONVERSION = YES;
				CLANG_WARN_COMMA = YES;
				CLANG_WARN_CONSTANT_CONVERSION = YES;
				CLANG_WARN_DEPRECATED_OBJC_IMPLEMENTATIONS = YES;
				CLANG_WARN_DIRECT_OBJC_ISA_USAGE = YES_ERROR;
				CLANG_WARN_DOCUMENTATION_COMMENTS = YES;
				CLANG_WARN_EMPTY_BODY = YES;
				CLANG_WARN_ENUM_CONVERSION = YES;
				CLANG_WARN_INFINITE_RECURSION = YES;
				CLANG_WARN_INT_CONVERSION = YES;
				CLANG_WARN_NON_LITERAL_NULL_CONVERSION = YES;
				CLANG_WARN_OBJC_IMPLICIT_RETAIN_SELF = YES;
				CLANG_WARN_OBJC_LITERAL_CONVERSION = YES;
				CLANG_WARN_OBJC_ROOT_CLASS = YES_ERROR;
				CLANG_WARN_QUOTED_INCLUDE_IN_FRAMEWORK_HEADER = YES;
				CLANG_WARN_RANGE_LOOP_ANALYSIS = YES;
				CLANG_WARN_STRICT_PROTOTYPES = YES;
				CLANG_WARN_SUSPICIOUS_MOVE = YES;
				CLANG_WARN_UNGUARDED_AVAILABILITY = YES_AGGRESSIVE;
				CLANG_WARN_UNREACHABLE_CODE = YES;
				CLANG_WARN__DUPLICATE_METHOD_MATCH = YES;
				COPY_PHASE_STRIP = NO;
				DEBUG_INFORMATION_FORMAT = dwarf;
				ENABLE_STRICT_OBJC_MSGSEND = YES;
				ENABLE_TESTABILITY = YES;
				GCC_C_LANGUAGE_STANDARD = gnu11;
				GCC_DYNAMIC_NO_PIC = NO;
				GCC_NO_COMMON_BLOCKS = YES;
				GCC_OPTIMIZATION_LEVEL = 0;
				GCC_PREPROCESSOR_DEFINITIONS = (
					"DEBUG=1",
					"$(inherited)",
				);
				GCC_WARN_64_TO_32_BIT_CONVERSION = YES;
				GCC_WARN_ABOUT_RETURN_TYPE = YES_ERROR;
				GCC_WARN_UNDECLARED_SELECTOR = YES;
				GCC_WARN_UNINITIALIZED_AUTOS = YES_AGGRESSIVE;
				GCC_WARN_UNUSED_FUNCTION = YES;
				GCC_WARN_UNUSED_VARIABLE = YES;
				IPHONEOS_DEPLOYMENT_TARGET = 13.2;
				MTL_ENABLE_DEBUG_INFO = INCLUDE_SOURCE;
				MTL_FAST_MATH = YES;
				ONLY_ACTIVE_ARCH = YES;
				SDKROOT = iphoneos;
				SWIFT_ACTIVE_COMPILATION_CONDITIONS = DEBUG;
				SWIFT_OPTIMIZATION_LEVEL = "-Onone";
			};
			name = Debug;
		};
		DB13DDA52679003F00B0C246 /* Release */ = {
			isa = XCBuildConfiguration;
			buildSettings = {
				ALWAYS_SEARCH_USER_PATHS = NO;
				CLANG_ANALYZER_NONNULL = YES;
				CLANG_ANALYZER_NUMBER_OBJECT_CONVERSION = YES_AGGRESSIVE;
				CLANG_CXX_LANGUAGE_STANDARD = "gnu++14";
				CLANG_CXX_LIBRARY = "libc++";
				CLANG_ENABLE_MODULES = YES;
				CLANG_ENABLE_OBJC_ARC = YES;
				CLANG_ENABLE_OBJC_WEAK = YES;
				CLANG_WARN_BLOCK_CAPTURE_AUTORELEASING = YES;
				CLANG_WARN_BOOL_CONVERSION = YES;
				CLANG_WARN_COMMA = YES;
				CLANG_WARN_CONSTANT_CONVERSION = YES;
				CLANG_WARN_DEPRECATED_OBJC_IMPLEMENTATIONS = YES;
				CLANG_WARN_DIRECT_OBJC_ISA_USAGE = YES_ERROR;
				CLANG_WARN_DOCUMENTATION_COMMENTS = YES;
				CLANG_WARN_EMPTY_BODY = YES;
				CLANG_WARN_ENUM_CONVERSION = YES;
				CLANG_WARN_INFINITE_RECURSION = YES;
				CLANG_WARN_INT_CONVERSION = YES;
				CLANG_WARN_NON_LITERAL_NULL_CONVERSION = YES;
				CLANG_WARN_OBJC_IMPLICIT_RETAIN_SELF = YES;
				CLANG_WARN_OBJC_LITERAL_CONVERSION = YES;
				CLANG_WARN_OBJC_ROOT_CLASS = YES_ERROR;
				CLANG_WARN_QUOTED_INCLUDE_IN_FRAMEWORK_HEADER = YES;
				CLANG_WARN_RANGE_LOOP_ANALYSIS = YES;
				CLANG_WARN_STRICT_PROTOTYPES = YES;
				CLANG_WARN_SUSPICIOUS_MOVE = YES;
				CLANG_WARN_UNGUARDED_AVAILABILITY = YES_AGGRESSIVE;
				CLANG_WARN_UNREACHABLE_CODE = YES;
				CLANG_WARN__DUPLICATE_METHOD_MATCH = YES;
				COPY_PHASE_STRIP = NO;
				DEBUG_INFORMATION_FORMAT = "dwarf-with-dsym";
				ENABLE_NS_ASSERTIONS = NO;
				ENABLE_STRICT_OBJC_MSGSEND = YES;
				GCC_C_LANGUAGE_STANDARD = gnu11;
				GCC_NO_COMMON_BLOCKS = YES;
				GCC_WARN_64_TO_32_BIT_CONVERSION = YES;
				GCC_WARN_ABOUT_RETURN_TYPE = YES_ERROR;
				GCC_WARN_UNDECLARED_SELECTOR = YES;
				GCC_WARN_UNINITIALIZED_AUTOS = YES_AGGRESSIVE;
				GCC_WARN_UNUSED_FUNCTION = YES;
				GCC_WARN_UNUSED_VARIABLE = YES;
				IPHONEOS_DEPLOYMENT_TARGET = 13.2;
				MTL_ENABLE_DEBUG_INFO = NO;
				MTL_FAST_MATH = YES;
				SDKROOT = iphoneos;
				SWIFT_COMPILATION_MODE = wholemodule;
				SWIFT_OPTIMIZATION_LEVEL = "-O";
				VALIDATE_PRODUCT = YES;
			};
			name = Release;
		};
		DB13DDA72679003F00B0C246 /* Debug */ = {
			isa = XCBuildConfiguration;
			baseConfigurationReference = 74264CA45222B7379B517FD8 /* Pods-marvel-app.debug.xcconfig */;
			buildSettings = {
				ASSETCATALOG_COMPILER_APPICON_NAME = AppIcon;
				ASSETCATALOG_COMPILER_GLOBAL_ACCENT_COLOR_NAME = AccentColor;
				CODE_SIGN_STYLE = Automatic;
				DEVELOPMENT_TEAM = BVS42FY7PX;
				INFOPLIST_FILE = "marvel-app/Config/Info.plist";
				IPHONEOS_DEPLOYMENT_TARGET = 13.2;
				LD_RUNPATH_SEARCH_PATHS = (
					"$(inherited)",
					"@executable_path/Frameworks",
				);
				PRODUCT_BUNDLE_IDENTIFIER = "com.rubenmarquezfernandez.marvel-app";
				PRODUCT_NAME = "$(TARGET_NAME)";
				SWIFT_VERSION = 5.0;
				TARGETED_DEVICE_FAMILY = 1;
			};
			name = Debug;
		};
		DB13DDA82679003F00B0C246 /* Release */ = {
			isa = XCBuildConfiguration;
			baseConfigurationReference = 4BD675B470E0A2E47F79E15A /* Pods-marvel-app.release.xcconfig */;
			buildSettings = {
				ASSETCATALOG_COMPILER_APPICON_NAME = AppIcon;
				ASSETCATALOG_COMPILER_GLOBAL_ACCENT_COLOR_NAME = AccentColor;
				CODE_SIGN_STYLE = Automatic;
				DEVELOPMENT_TEAM = BVS42FY7PX;
				INFOPLIST_FILE = "marvel-app/Config/Info.plist";
				IPHONEOS_DEPLOYMENT_TARGET = 13.2;
				LD_RUNPATH_SEARCH_PATHS = (
					"$(inherited)",
					"@executable_path/Frameworks",
				);
				PRODUCT_BUNDLE_IDENTIFIER = "com.rubenmarquezfernandez.marvel-app";
				PRODUCT_NAME = "$(TARGET_NAME)";
				SWIFT_VERSION = 5.0;
				TARGETED_DEVICE_FAMILY = 1;
			};
			name = Release;
		};
		DB13DDAA2679003F00B0C246 /* Debug */ = {
			isa = XCBuildConfiguration;
			buildSettings = {
				ALWAYS_EMBED_SWIFT_STANDARD_LIBRARIES = YES;
				BUNDLE_LOADER = "$(TEST_HOST)";
				CODE_SIGN_STYLE = Automatic;
				DEVELOPMENT_TEAM = BVS42FY7PX;
				INFOPLIST_FILE = "marvel-appTests/Info.plist";
				IPHONEOS_DEPLOYMENT_TARGET = 14.2;
				LD_RUNPATH_SEARCH_PATHS = (
					"$(inherited)",
					"@executable_path/Frameworks",
					"@loader_path/Frameworks",
				);
				PRODUCT_BUNDLE_IDENTIFIER = "com.rubenmarquezfernandez.marvel-appTests";
				PRODUCT_NAME = "$(TARGET_NAME)";
				SWIFT_VERSION = 5.0;
				TARGETED_DEVICE_FAMILY = "1,2";
				TEST_HOST = "$(BUILT_PRODUCTS_DIR)/marvel-app.app/marvel-app";
			};
			name = Debug;
		};
		DB13DDAB2679003F00B0C246 /* Release */ = {
			isa = XCBuildConfiguration;
			buildSettings = {
				ALWAYS_EMBED_SWIFT_STANDARD_LIBRARIES = YES;
				BUNDLE_LOADER = "$(TEST_HOST)";
				CODE_SIGN_STYLE = Automatic;
				DEVELOPMENT_TEAM = BVS42FY7PX;
				INFOPLIST_FILE = "marvel-appTests/Info.plist";
				IPHONEOS_DEPLOYMENT_TARGET = 14.2;
				LD_RUNPATH_SEARCH_PATHS = (
					"$(inherited)",
					"@executable_path/Frameworks",
					"@loader_path/Frameworks",
				);
				PRODUCT_BUNDLE_IDENTIFIER = "com.rubenmarquezfernandez.marvel-appTests";
				PRODUCT_NAME = "$(TARGET_NAME)";
				SWIFT_VERSION = 5.0;
				TARGETED_DEVICE_FAMILY = "1,2";
				TEST_HOST = "$(BUILT_PRODUCTS_DIR)/marvel-app.app/marvel-app";
			};
			name = Release;
		};
		DB13DDAD2679003F00B0C246 /* Debug */ = {
			isa = XCBuildConfiguration;
			buildSettings = {
				ALWAYS_EMBED_SWIFT_STANDARD_LIBRARIES = YES;
				CODE_SIGN_STYLE = Automatic;
				DEVELOPMENT_TEAM = BVS42FY7PX;
				INFOPLIST_FILE = "marvel-appUITests/Info.plist";
				LD_RUNPATH_SEARCH_PATHS = (
					"$(inherited)",
					"@executable_path/Frameworks",
					"@loader_path/Frameworks",
				);
				PRODUCT_BUNDLE_IDENTIFIER = "com.rubenmarquezfernandez.marvel-appUITests";
				PRODUCT_NAME = "$(TARGET_NAME)";
				SWIFT_VERSION = 5.0;
				TARGETED_DEVICE_FAMILY = "1,2";
				TEST_TARGET_NAME = "marvel-app";
			};
			name = Debug;
		};
		DB13DDAE2679003F00B0C246 /* Release */ = {
			isa = XCBuildConfiguration;
			buildSettings = {
				ALWAYS_EMBED_SWIFT_STANDARD_LIBRARIES = YES;
				CODE_SIGN_STYLE = Automatic;
				DEVELOPMENT_TEAM = BVS42FY7PX;
				INFOPLIST_FILE = "marvel-appUITests/Info.plist";
				LD_RUNPATH_SEARCH_PATHS = (
					"$(inherited)",
					"@executable_path/Frameworks",
					"@loader_path/Frameworks",
				);
				PRODUCT_BUNDLE_IDENTIFIER = "com.rubenmarquezfernandez.marvel-appUITests";
				PRODUCT_NAME = "$(TARGET_NAME)";
				SWIFT_VERSION = 5.0;
				TARGETED_DEVICE_FAMILY = "1,2";
				TEST_TARGET_NAME = "marvel-app";
			};
			name = Release;
		};
/* End XCBuildConfiguration section */

/* Begin XCConfigurationList section */
		DB13DD772679003D00B0C246 /* Build configuration list for PBXProject "marvel-app" */ = {
			isa = XCConfigurationList;
			buildConfigurations = (
				DB13DDA42679003F00B0C246 /* Debug */,
				DB13DDA52679003F00B0C246 /* Release */,
			);
			defaultConfigurationIsVisible = 0;
			defaultConfigurationName = Release;
		};
		DB13DDA62679003F00B0C246 /* Build configuration list for PBXNativeTarget "marvel-app" */ = {
			isa = XCConfigurationList;
			buildConfigurations = (
				DB13DDA72679003F00B0C246 /* Debug */,
				DB13DDA82679003F00B0C246 /* Release */,
			);
			defaultConfigurationIsVisible = 0;
			defaultConfigurationName = Release;
		};
		DB13DDA92679003F00B0C246 /* Build configuration list for PBXNativeTarget "marvel-appTests" */ = {
			isa = XCConfigurationList;
			buildConfigurations = (
				DB13DDAA2679003F00B0C246 /* Debug */,
				DB13DDAB2679003F00B0C246 /* Release */,
			);
			defaultConfigurationIsVisible = 0;
			defaultConfigurationName = Release;
		};
		DB13DDAC2679003F00B0C246 /* Build configuration list for PBXNativeTarget "marvel-appUITests" */ = {
			isa = XCConfigurationList;
			buildConfigurations = (
				DB13DDAD2679003F00B0C246 /* Debug */,
				DB13DDAE2679003F00B0C246 /* Release */,
			);
			defaultConfigurationIsVisible = 0;
			defaultConfigurationName = Release;
		};
/* End XCConfigurationList section */
	};
	rootObject = DB13DD742679003D00B0C246 /* Project object */;
}
